
Microsoft Visual Studio Solution File, Format Version 12.00
# Visual Studio 15
VisualStudioVersion = 15.0.27130.2003
MinimumVisualStudioVersion = 10.0.40219.1
Project("{2150E333-8FDC-42A3-9474-1A3956D46DE8}") = ".nuget", ".nuget", "{8D87708F-E9B8-44AC-BB1A-DDFB430D1E67}"
	ProjectSection(SolutionItems) = preProject
		.nuget\packages.config = .nuget\packages.config
	EndProjectSection
EndProject
Project("{FAE04EC0-301F-11D3-BF4B-00C04F79EFBC}") = "Scanner.Core", "Scanner.Core\Scanner.Core.csproj", "{186E5D35-C178-4800-8FFA-52638EDFBD22}"
EndProject
Project("{2150E333-8FDC-42A3-9474-1A3956D46DE8}") = "Modules", "Modules", "{06849D9E-EB3F-4D16-83B1-E27839044321}"
EndProject
Project("{FAE04EC0-301F-11D3-BF4B-00C04F79EFBC}") = "BetFair", "Modules\BetFair\BetFair.csproj", "{9D0AC616-8337-4883-95C9-4D92EAAD3356}"
EndProject
Project("{FAE04EC0-301F-11D3-BF4B-00C04F79EFBC}") = "BetFairApi", "Modules\BetFairApi\BetFairApi.csproj", "{4F8A5419-5236-4C9B-832C-3FC2DD8109D4}"
EndProject
Project("{FAE04EC0-301F-11D3-BF4B-00C04F79EFBC}") = "Favbet", "Modules\Favbet\Favbet.csproj", "{FD5A733E-E78D-4786-B3AA-E6257BE30FA6}"
EndProject
Project("{FAE04EC0-301F-11D3-BF4B-00C04F79EFBC}") = "Parimatch", "Modules\Parimatch\Parimatch.csproj", "{D7BFB99C-8515-49A7-9C8C-55E05752DDD9}"
EndProject
Project("{FAE04EC0-301F-11D3-BF4B-00C04F79EFBC}") = "WilliamHill", "Modules\WilliamHill\WilliamHill.csproj", "{CE145AC9-9EE8-42F4-9457-118B82925D4B}"
EndProject
Project("{FAE04EC0-301F-11D3-BF4B-00C04F79EFBC}") = "Scanner.SelfHosted", "Scanner.SelfHosted\Scanner.SelfHosted.csproj", "{DB51A90F-B71D-4150-88A8-608B33A7EB58}"
EndProject
Project("{FAE04EC0-301F-11D3-BF4B-00C04F79EFBC}") = "Scanner.Webhost", "Scanner.Webhost\Scanner.Webhost.csproj", "{783C5B12-356F-4B4D-80CA-FF9896ADB9B4}"
EndProject
Project("{FAE04EC0-301F-11D3-BF4B-00C04F79EFBC}") = "Leonbets", "Modules\Leonbets\Leonbets.csproj", "{1F77EBB0-0CFE-4BB5-9DDD-1FF6FE4F021A}"
EndProject
Project("{FAE04EC0-301F-11D3-BF4B-00C04F79EFBC}") = "LigaStavok", "Modules\LigaStavok\LigaStavok.csproj", "{6F4569C4-88FD-44F2-B459-75CDF2501C18}"
EndProject
Project("{2150E333-8FDC-42A3-9474-1A3956D46DE8}") = "Utils", "Utils", "{B9832E0C-485A-434E-A158-ABBFF2632A00}"
EndProject
Project("{FAE04EC0-301F-11D3-BF4B-00C04F79EFBC}") = "CloudFlareNet", "Utils\CloudFlareNet\CloudFlareNet.csproj", "{26072E1A-3973-4ED0-89E7-09820C413FEF}"
EndProject
Project("{FAE04EC0-301F-11D3-BF4B-00C04F79EFBC}") = "Bwin", "Modules\Bwin\Bwin.csproj", "{35E9B8FE-73F2-40E8-AFA3-56E5B86C3E5A}"
EndProject
Project("{FAE04EC0-301F-11D3-BF4B-00C04F79EFBC}") = "RuCaptchaClient", "..\Livescanner\RuCaptchaClient\RuCaptchaClient.csproj", "{A870E524-350F-463B-9BDE-27281ED58DF3}"
EndProject
Project("{FAE04EC0-301F-11D3-BF4B-00C04F79EFBC}") = "Sbobet", "Modules\Sbobet\Sbobet.csproj", "{49A13455-FEC1-4D4E-9FD7-22ED1F160E78}"
EndProject
Project("{FAE04EC0-301F-11D3-BF4B-00C04F79EFBC}") = "Pinnacle", "Modules\Pinnacle\Pinnacle.csproj", "{86F1173D-4C52-4E2A-AD6C-5454DC81462B}"
EndProject
Project("{FAE04EC0-301F-11D3-BF4B-00C04F79EFBC}") = "Bet18", "Modules\18bet\Bet18.csproj", "{B16F4EC2-24C3-4AB9-9800-B2A56E051303}"
EndProject
Project("{FAE04EC0-301F-11D3-BF4B-00C04F79EFBC}") = "Bet365", "Modules\Bet365\Bet365.csproj", "{8F903438-9BD0-48F1-AEB1-DC341E95264B}"
EndProject
Project("{FAE04EC0-301F-11D3-BF4B-00C04F79EFBC}") = "188Bet", "Modules\188bet\188Bet.csproj", "{74A5B2AA-7937-41F3-B3FC-C6E51E98AC9F}"
EndProject
Project("{2150E333-8FDC-42A3-9474-1A3956D46DE8}") = "SocketIOClient", "SocketIOClient", "{BC485CB9-D216-4CA7-94D5-C928E9C09BB9}"
EndProject
Project("{FAE04EC0-301F-11D3-BF4B-00C04F79EFBC}") = "SocketIoClientDotNet.net45", "SocketIOClient\SocketIoClientDotNet.net45\SocketIoClientDotNet.net45.csproj", "{B4C79CEE-4B09-428A-BFE9-B276DF4F57FA}"
EndProject
Project("{FAE04EC0-301F-11D3-BF4B-00C04F79EFBC}") = "Quobject.Collections.Immutable", "SocketIOClient\Quobject.Collections.Immutable\Quobject.Collections.Immutable.csproj", "{024A2111-4B19-44D7-917E-8514CF632469}"
EndProject
Project("{FAE04EC0-301F-11D3-BF4B-00C04F79EFBC}") = "EngineIoClientDotNet.net45", "SocketIOClient\EngineIoClientDotNet.net45\EngineIoClientDotNet.net45.csproj", "{842D8B13-DAF3-4919-80A0-03EFA3C17178}"
EndProject
Project("{FAE04EC0-301F-11D3-BF4B-00C04F79EFBC}") = "888sport", "Modules\888sport\888sport.csproj", "{A73695E2-114C-4FCF-B7CF-BF27D5A89D4F}"
EndProject
Project("{FAE04EC0-301F-11D3-BF4B-00C04F79EFBC}") = "Dafabet", "Modules\Dafabet_old\Dafabet.csproj", "{770B8CF0-6710-4C8E-8F41-4BDAF982BCF0}"
EndProject
Project("{FAE04EC0-301F-11D3-BF4B-00C04F79EFBC}") = "Partypoker", "Modules\Partypoker\Partypoker.csproj", "{E46F7403-78F9-4D23-9741-F3AE86335C76}"
EndProject
Project("{FAE04EC0-301F-11D3-BF4B-00C04F79EFBC}") = "Fonbet", "Modules\Fonbet\Fonbet.csproj", "{4C8F0E81-F7FB-4FE3-B53A-6555D9C3B863}"
EndProject
Global
	GlobalSection(SolutionConfigurationPlatforms) = preSolution
		Debug|Any CPU = Debug|Any CPU
		Release|Any CPU = Release|Any CPU
	EndGlobalSection
	GlobalSection(ProjectConfigurationPlatforms) = postSolution
		{186E5D35-C178-4800-8FFA-52638EDFBD22}.Debug|Any CPU.ActiveCfg = Debug|Any CPU
		{186E5D35-C178-4800-8FFA-52638EDFBD22}.Debug|Any CPU.Build.0 = Debug|Any CPU
		{186E5D35-C178-4800-8FFA-52638EDFBD22}.Release|Any CPU.ActiveCfg = Release|Any CPU
		{186E5D35-C178-4800-8FFA-52638EDFBD22}.Release|Any CPU.Build.0 = Release|Any CPU
		{9D0AC616-8337-4883-95C9-4D92EAAD3356}.Debug|Any CPU.ActiveCfg = Debug|Any CPU
		{9D0AC616-8337-4883-95C9-4D92EAAD3356}.Debug|Any CPU.Build.0 = Debug|Any CPU
		{9D0AC616-8337-4883-95C9-4D92EAAD3356}.Release|Any CPU.ActiveCfg = Release|Any CPU
		{9D0AC616-8337-4883-95C9-4D92EAAD3356}.Release|Any CPU.Build.0 = Release|Any CPU
		{4F8A5419-5236-4C9B-832C-3FC2DD8109D4}.Debug|Any CPU.ActiveCfg = Debug|Any CPU
		{4F8A5419-5236-4C9B-832C-3FC2DD8109D4}.Debug|Any CPU.Build.0 = Debug|Any CPU
		{4F8A5419-5236-4C9B-832C-3FC2DD8109D4}.Release|Any CPU.ActiveCfg = Release|Any CPU
		{4F8A5419-5236-4C9B-832C-3FC2DD8109D4}.Release|Any CPU.Build.0 = Release|Any CPU
		{FD5A733E-E78D-4786-B3AA-E6257BE30FA6}.Debug|Any CPU.ActiveCfg = Debug|Any CPU
		{FD5A733E-E78D-4786-B3AA-E6257BE30FA6}.Debug|Any CPU.Build.0 = Debug|Any CPU
		{FD5A733E-E78D-4786-B3AA-E6257BE30FA6}.Release|Any CPU.ActiveCfg = Release|Any CPU
		{FD5A733E-E78D-4786-B3AA-E6257BE30FA6}.Release|Any CPU.Build.0 = Release|Any CPU
		{D7BFB99C-8515-49A7-9C8C-55E05752DDD9}.Debug|Any CPU.ActiveCfg = Debug|Any CPU
		{D7BFB99C-8515-49A7-9C8C-55E05752DDD9}.Debug|Any CPU.Build.0 = Debug|Any CPU
		{D7BFB99C-8515-49A7-9C8C-55E05752DDD9}.Release|Any CPU.ActiveCfg = Release|Any CPU
		{D7BFB99C-8515-49A7-9C8C-55E05752DDD9}.Release|Any CPU.Build.0 = Release|Any CPU
		{CE145AC9-9EE8-42F4-9457-118B82925D4B}.Debug|Any CPU.ActiveCfg = Debug|Any CPU
		{CE145AC9-9EE8-42F4-9457-118B82925D4B}.Debug|Any CPU.Build.0 = Debug|Any CPU
		{CE145AC9-9EE8-42F4-9457-118B82925D4B}.Release|Any CPU.ActiveCfg = Release|Any CPU
		{CE145AC9-9EE8-42F4-9457-118B82925D4B}.Release|Any CPU.Build.0 = Release|Any CPU
		{DB51A90F-B71D-4150-88A8-608B33A7EB58}.Debug|Any CPU.ActiveCfg = Debug|Any CPU
		{DB51A90F-B71D-4150-88A8-608B33A7EB58}.Debug|Any CPU.Build.0 = Debug|Any CPU
		{DB51A90F-B71D-4150-88A8-608B33A7EB58}.Release|Any CPU.ActiveCfg = Release|Any CPU
		{DB51A90F-B71D-4150-88A8-608B33A7EB58}.Release|Any CPU.Build.0 = Release|Any CPU
		{783C5B12-356F-4B4D-80CA-FF9896ADB9B4}.Debug|Any CPU.ActiveCfg = Debug|Any CPU
		{783C5B12-356F-4B4D-80CA-FF9896ADB9B4}.Debug|Any CPU.Build.0 = Debug|Any CPU
		{783C5B12-356F-4B4D-80CA-FF9896ADB9B4}.Release|Any CPU.ActiveCfg = Release|Any CPU
		{783C5B12-356F-4B4D-80CA-FF9896ADB9B4}.Release|Any CPU.Build.0 = Release|Any CPU
		{1F77EBB0-0CFE-4BB5-9DDD-1FF6FE4F021A}.Debug|Any CPU.ActiveCfg = Debug|Any CPU
		{1F77EBB0-0CFE-4BB5-9DDD-1FF6FE4F021A}.Debug|Any CPU.Build.0 = Debug|Any CPU
		{1F77EBB0-0CFE-4BB5-9DDD-1FF6FE4F021A}.Release|Any CPU.ActiveCfg = Release|Any CPU
		{1F77EBB0-0CFE-4BB5-9DDD-1FF6FE4F021A}.Release|Any CPU.Build.0 = Release|Any CPU
		{6F4569C4-88FD-44F2-B459-75CDF2501C18}.Debug|Any CPU.ActiveCfg = Debug|Any CPU
		{6F4569C4-88FD-44F2-B459-75CDF2501C18}.Debug|Any CPU.Build.0 = Debug|Any CPU
		{6F4569C4-88FD-44F2-B459-75CDF2501C18}.Release|Any CPU.ActiveCfg = Release|Any CPU
		{6F4569C4-88FD-44F2-B459-75CDF2501C18}.Release|Any CPU.Build.0 = Release|Any CPU
		{26072E1A-3973-4ED0-89E7-09820C413FEF}.Debug|Any CPU.ActiveCfg = Debug|Any CPU
		{26072E1A-3973-4ED0-89E7-09820C413FEF}.Debug|Any CPU.Build.0 = Debug|Any CPU
		{26072E1A-3973-4ED0-89E7-09820C413FEF}.Release|Any CPU.ActiveCfg = Release|Any CPU
		{26072E1A-3973-4ED0-89E7-09820C413FEF}.Release|Any CPU.Build.0 = Release|Any CPU
		{35E9B8FE-73F2-40E8-AFA3-56E5B86C3E5A}.Debug|Any CPU.ActiveCfg = Debug|Any CPU
		{35E9B8FE-73F2-40E8-AFA3-56E5B86C3E5A}.Debug|Any CPU.Build.0 = Debug|Any CPU
		{35E9B8FE-73F2-40E8-AFA3-56E5B86C3E5A}.Release|Any CPU.ActiveCfg = Release|Any CPU
		{35E9B8FE-73F2-40E8-AFA3-56E5B86C3E5A}.Release|Any CPU.Build.0 = Release|Any CPU
		{A870E524-350F-463B-9BDE-27281ED58DF3}.Debug|Any CPU.ActiveCfg = Debug|Any CPU
		{A870E524-350F-463B-9BDE-27281ED58DF3}.Debug|Any CPU.Build.0 = Debug|Any CPU
		{A870E524-350F-463B-9BDE-27281ED58DF3}.Release|Any CPU.ActiveCfg = Release|Any CPU
		{A870E524-350F-463B-9BDE-27281ED58DF3}.Release|Any CPU.Build.0 = Release|Any CPU
		{49A13455-FEC1-4D4E-9FD7-22ED1F160E78}.Debug|Any CPU.ActiveCfg = Debug|Any CPU
		{49A13455-FEC1-4D4E-9FD7-22ED1F160E78}.Debug|Any CPU.Build.0 = Debug|Any CPU
		{49A13455-FEC1-4D4E-9FD7-22ED1F160E78}.Release|Any CPU.ActiveCfg = Release|Any CPU
		{49A13455-FEC1-4D4E-9FD7-22ED1F160E78}.Release|Any CPU.Build.0 = Release|Any CPU
		{86F1173D-4C52-4E2A-AD6C-5454DC81462B}.Debug|Any CPU.ActiveCfg = Debug|Any CPU
		{86F1173D-4C52-4E2A-AD6C-5454DC81462B}.Debug|Any CPU.Build.0 = Debug|Any CPU
		{86F1173D-4C52-4E2A-AD6C-5454DC81462B}.Release|Any CPU.ActiveCfg = Release|Any CPU
		{86F1173D-4C52-4E2A-AD6C-5454DC81462B}.Release|Any CPU.Build.0 = Release|Any CPU
		{B16F4EC2-24C3-4AB9-9800-B2A56E051303}.Debug|Any CPU.ActiveCfg = Debug|Any CPU
		{B16F4EC2-24C3-4AB9-9800-B2A56E051303}.Debug|Any CPU.Build.0 = Debug|Any CPU
		{B16F4EC2-24C3-4AB9-9800-B2A56E051303}.Release|Any CPU.ActiveCfg = Release|Any CPU
		{B16F4EC2-24C3-4AB9-9800-B2A56E051303}.Release|Any CPU.Build.0 = Release|Any CPU
		{8F903438-9BD0-48F1-AEB1-DC341E95264B}.Debug|Any CPU.ActiveCfg = Debug|Any CPU
		{8F903438-9BD0-48F1-AEB1-DC341E95264B}.Debug|Any CPU.Build.0 = Debug|Any CPU
		{8F903438-9BD0-48F1-AEB1-DC341E95264B}.Release|Any CPU.ActiveCfg = Release|Any CPU
		{8F903438-9BD0-48F1-AEB1-DC341E95264B}.Release|Any CPU.Build.0 = Release|Any CPU
		{74A5B2AA-7937-41F3-B3FC-C6E51E98AC9F}.Debug|Any CPU.ActiveCfg = Debug|Any CPU
		{74A5B2AA-7937-41F3-B3FC-C6E51E98AC9F}.Debug|Any CPU.Build.0 = Debug|Any CPU
		{74A5B2AA-7937-41F3-B3FC-C6E51E98AC9F}.Release|Any CPU.ActiveCfg = Release|Any CPU
		{74A5B2AA-7937-41F3-B3FC-C6E51E98AC9F}.Release|Any CPU.Build.0 = Release|Any CPU
		{B4C79CEE-4B09-428A-BFE9-B276DF4F57FA}.Debug|Any CPU.ActiveCfg = Debug|Any CPU
		{B4C79CEE-4B09-428A-BFE9-B276DF4F57FA}.Debug|Any CPU.Build.0 = Debug|Any CPU
		{B4C79CEE-4B09-428A-BFE9-B276DF4F57FA}.Release|Any CPU.ActiveCfg = Release|Any CPU
		{B4C79CEE-4B09-428A-BFE9-B276DF4F57FA}.Release|Any CPU.Build.0 = Release|Any CPU
		{024A2111-4B19-44D7-917E-8514CF632469}.Debug|Any CPU.ActiveCfg = Debug|Any CPU
		{024A2111-4B19-44D7-917E-8514CF632469}.Debug|Any CPU.Build.0 = Debug|Any CPU
		{024A2111-4B19-44D7-917E-8514CF632469}.Release|Any CPU.ActiveCfg = Release|Any CPU
		{024A2111-4B19-44D7-917E-8514CF632469}.Release|Any CPU.Build.0 = Release|Any CPU
		{842D8B13-DAF3-4919-80A0-03EFA3C17178}.Debug|Any CPU.ActiveCfg = Debug|Any CPU
		{842D8B13-DAF3-4919-80A0-03EFA3C17178}.Debug|Any CPU.Build.0 = Debug|Any CPU
		{842D8B13-DAF3-4919-80A0-03EFA3C17178}.Release|Any CPU.ActiveCfg = Release|Any CPU
		{842D8B13-DAF3-4919-80A0-03EFA3C17178}.Release|Any CPU.Build.0 = Release|Any CPU
		{A73695E2-114C-4FCF-B7CF-BF27D5A89D4F}.Debug|Any CPU.ActiveCfg = Debug|Any CPU
		{A73695E2-114C-4FCF-B7CF-BF27D5A89D4F}.Debug|Any CPU.Build.0 = Debug|Any CPU
		{A73695E2-114C-4FCF-B7CF-BF27D5A89D4F}.Release|Any CPU.ActiveCfg = Release|Any CPU
		{A73695E2-114C-4FCF-B7CF-BF27D5A89D4F}.Release|Any CPU.Build.0 = Release|Any CPU
		{770B8CF0-6710-4C8E-8F41-4BDAF982BCF0}.Debug|Any CPU.ActiveCfg = Debug|Any CPU
		{770B8CF0-6710-4C8E-8F41-4BDAF982BCF0}.Debug|Any CPU.Build.0 = Debug|Any CPU
		{770B8CF0-6710-4C8E-8F41-4BDAF982BCF0}.Release|Any CPU.ActiveCfg = Release|Any CPU
		{770B8CF0-6710-4C8E-8F41-4BDAF982BCF0}.Release|Any CPU.Build.0 = Release|Any CPU
		{E46F7403-78F9-4D23-9741-F3AE86335C76}.Debug|Any CPU.ActiveCfg = Debug|Any CPU
		{E46F7403-78F9-4D23-9741-F3AE86335C76}.Debug|Any CPU.Build.0 = Debug|Any CPU
		{E46F7403-78F9-4D23-9741-F3AE86335C76}.Release|Any CPU.ActiveCfg = Release|Any CPU
		{E46F7403-78F9-4D23-9741-F3AE86335C76}.Release|Any CPU.Build.0 = Release|Any CPU
		{4C8F0E81-F7FB-4FE3-B53A-6555D9C3B863}.Debug|Any CPU.ActiveCfg = Debug|Any CPU
		{4C8F0E81-F7FB-4FE3-B53A-6555D9C3B863}.Debug|Any CPU.Build.0 = Debug|Any CPU
		{4C8F0E81-F7FB-4FE3-B53A-6555D9C3B863}.Release|Any CPU.ActiveCfg = Release|Any CPU
		{4C8F0E81-F7FB-4FE3-B53A-6555D9C3B863}.Release|Any CPU.Build.0 = Release|Any CPU
	EndGlobalSection
	GlobalSection(SolutionProperties) = preSolution
		HideSolutionNode = FALSE
	EndGlobalSection
	GlobalSection(NestedProjects) = preSolution
		{9D0AC616-8337-4883-95C9-4D92EAAD3356} = {06849D9E-EB3F-4D16-83B1-E27839044321}
		{4F8A5419-5236-4C9B-832C-3FC2DD8109D4} = {06849D9E-EB3F-4D16-83B1-E27839044321}
		{FD5A733E-E78D-4786-B3AA-E6257BE30FA6} = {06849D9E-EB3F-4D16-83B1-E27839044321}
		{D7BFB99C-8515-49A7-9C8C-55E05752DDD9} = {06849D9E-EB3F-4D16-83B1-E27839044321}
		{CE145AC9-9EE8-42F4-9457-118B82925D4B} = {06849D9E-EB3F-4D16-83B1-E27839044321}
		{1F77EBB0-0CFE-4BB5-9DDD-1FF6FE4F021A} = {06849D9E-EB3F-4D16-83B1-E27839044321}
		{6F4569C4-88FD-44F2-B459-75CDF2501C18} = {06849D9E-EB3F-4D16-83B1-E27839044321}
		{26072E1A-3973-4ED0-89E7-09820C413FEF} = {B9832E0C-485A-434E-A158-ABBFF2632A00}
		{35E9B8FE-73F2-40E8-AFA3-56E5B86C3E5A} = {06849D9E-EB3F-4D16-83B1-E27839044321}
		{A870E524-350F-463B-9BDE-27281ED58DF3} = {B9832E0C-485A-434E-A158-ABBFF2632A00}
		{49A13455-FEC1-4D4E-9FD7-22ED1F160E78} = {06849D9E-EB3F-4D16-83B1-E27839044321}
		{86F1173D-4C52-4E2A-AD6C-5454DC81462B} = {06849D9E-EB3F-4D16-83B1-E27839044321}
		{B16F4EC2-24C3-4AB9-9800-B2A56E051303} = {06849D9E-EB3F-4D16-83B1-E27839044321}
		{8F903438-9BD0-48F1-AEB1-DC341E95264B} = {06849D9E-EB3F-4D16-83B1-E27839044321}
		{74A5B2AA-7937-41F3-B3FC-C6E51E98AC9F} = {06849D9E-EB3F-4D16-83B1-E27839044321}
		{BC485CB9-D216-4CA7-94D5-C928E9C09BB9} = {B9832E0C-485A-434E-A158-ABBFF2632A00}
		{B4C79CEE-4B09-428A-BFE9-B276DF4F57FA} = {BC485CB9-D216-4CA7-94D5-C928E9C09BB9}
		{024A2111-4B19-44D7-917E-8514CF632469} = {BC485CB9-D216-4CA7-94D5-C928E9C09BB9}
		{842D8B13-DAF3-4919-80A0-03EFA3C17178} = {BC485CB9-D216-4CA7-94D5-C928E9C09BB9}
		{A73695E2-114C-4FCF-B7CF-BF27D5A89D4F} = {06849D9E-EB3F-4D16-83B1-E27839044321}
		{770B8CF0-6710-4C8E-8F41-4BDAF982BCF0} = {06849D9E-EB3F-4D16-83B1-E27839044321}
		{E46F7403-78F9-4D23-9741-F3AE86335C76} = {06849D9E-EB3F-4D16-83B1-E27839044321}
		{4C8F0E81-F7FB-4FE3-B53A-6555D9C3B863} = {06849D9E-EB3F-4D16-83B1-E27839044321}
	EndGlobalSection
	GlobalSection(ExtensibilityGlobals) = postSolution
		SolutionGuid = {668FFA90-D5C4-4769-867E-89E1D23AD867}
	EndGlobalSection
EndGlobal
